
Microsoft Visual Studio Solution File, Format Version 12.00
# Visual Studio Version 16
VisualStudioVersion = 16.0.31105.61
MinimumVisualStudioVersion = 10.0.40219.1
Project("{FAE04EC0-301F-11D3-BF4B-00C04F79EFBC}") = "WpfApp3(2)", "WpfApp3(2)\WpfApp3(2).csproj", "{BE6D27D6-A703-4330-AF0A-3E1577FA5CE8}"
EndProject
Global
	GlobalSection(SolutionConfigurationPlatforms) = preSolution
		Debug|Any CPU = Debug|Any CPU
		Release|Any CPU = Release|Any CPU
	EndGlobalSection
	GlobalSection(ProjectConfigurationPlatforms) = postSolution
		{BE6D27D6-A703-4330-AF0A-3E1577FA5CE8}.Debug|Any CPU.ActiveCfg = Debug|Any CPU
		{BE6D27D6-A703-4330-AF0A-3E1577FA5CE8}.Debug|Any CPU.Build.0 = Debug|Any CPU
		{BE6D27D6-A703-4330-AF0A-3E1577FA5CE8}.Release|Any CPU.ActiveCfg = Release|Any CPU
		{BE6D27D6-A703-4330-AF0A-3E1577FA5CE8}.Release|Any CPU.Build.0 = Release|Any CPU
	EndGlobalSection
	GlobalSection(SolutionProperties) = preSolution
		HideSolutionNode = FALSE
	EndGlobalSection
	GlobalSection(ExtensibilityGlobals) = postSolution
		SolutionGuid = {44479032-B164-405F-8455-9213952625E6}
	EndGlobalSection
EndGlobal
